
Microsoft Visual Studio Solution File, Format Version 12.00
# Visual Studio Version 17
VisualStudioVersion = 17.11.35327.3
MinimumVisualStudioVersion = 10.0.40219.1
Project("{FAE04EC0-301F-11D3-BF4B-00C04F79EFBC}") = "Set3Ex7", "Set3Ex7.csproj", "{95BE90D9-23BC-4617-B643-4CA996516968}"
EndProject
Global
	GlobalSection(SolutionConfigurationPlatforms) = preSolution
		Debug|Any CPU = Debug|Any CPU
		Release|Any CPU = Release|Any CPU
	EndGlobalSection
	GlobalSection(ProjectConfigurationPlatforms) = postSolution
		{95BE90D9-23BC-4617-B643-4CA996516968}.Debug|Any CPU.ActiveCfg = Debug|Any CPU
		{95BE90D9-23BC-4617-B643-4CA996516968}.Debug|Any CPU.Build.0 = Debug|Any CPU
		{95BE90D9-23BC-4617-B643-4CA996516968}.Release|Any CPU.ActiveCfg = Release|Any CPU
		{95BE90D9-23BC-4617-B643-4CA996516968}.Release|Any CPU.Build.0 = Release|Any CPU
	EndGlobalSection
	GlobalSection(SolutionProperties) = preSolution
		HideSolutionNode = FALSE
	EndGlobalSection
	GlobalSection(ExtensibilityGlobals) = postSolution
		SolutionGuid = {40B1AFB0-0A23-403C-BE22-B161ACC1BB06}
	EndGlobalSection
EndGlobal
